
Microsoft Visual Studio Solution File, Format Version 12.00
# Visual Studio Version 17
VisualStudioVersion = 17.7.34009.444
MinimumVisualStudioVersion = 10.0.40219.1
Project("{FAE04EC0-301F-11D3-BF4B-00C04F79EFBC}") = "QuasarWebAppAPI", "QuasarWebAppAPI.csproj", "{4428509F-2ADF-4A76-8BF2-60EADEE81E43}"
EndProject
Global
	GlobalSection(SolutionConfigurationPlatforms) = preSolution
		Debug|Any CPU = Debug|Any CPU
		Release|Any CPU = Release|Any CPU
	EndGlobalSection
	GlobalSection(ProjectConfigurationPlatforms) = postSolution
		{4428509F-2ADF-4A76-8BF2-60EADEE81E43}.Debug|Any CPU.ActiveCfg = Debug|Any CPU
		{4428509F-2ADF-4A76-8BF2-60EADEE81E43}.Debug|Any CPU.Build.0 = Debug|Any CPU
		{4428509F-2ADF-4A76-8BF2-60EADEE81E43}.Release|Any CPU.ActiveCfg = Release|Any CPU
		{4428509F-2ADF-4A76-8BF2-60EADEE81E43}.Release|Any CPU.Build.0 = Release|Any CPU
	EndGlobalSection
	GlobalSection(SolutionProperties) = preSolution
		HideSolutionNode = FALSE
	EndGlobalSection
	GlobalSection(ExtensibilityGlobals) = postSolution
		SolutionGuid = {6D49C471-F801-45C5-BF66-7553731FDD1C}
	EndGlobalSection
EndGlobal
